
Microsoft Visual Studio Solution File, Format Version 12.00
# Visual Studio Version 17
VisualStudioVersion = 17.9.34701.34
MinimumVisualStudioVersion = 10.0.40219.1
Project("{FAE04EC0-301F-11D3-BF4B-00C04F79EFBC}") = "ExpleoCurrencyConverter", "ExpleoCurrencyConverter\ExpleoCurrencyConverter.csproj", "{BFE5D6FA-DDF0-441C-9E0D-5F4989CABA1B}"
EndProject
Global
	GlobalSection(SolutionConfigurationPlatforms) = preSolution
		Debug|Any CPU = Debug|Any CPU
		Release|Any CPU = Release|Any CPU
	EndGlobalSection
	GlobalSection(ProjectConfigurationPlatforms) = postSolution
		{BFE5D6FA-DDF0-441C-9E0D-5F4989CABA1B}.Debug|Any CPU.ActiveCfg = Debug|Any CPU
		{BFE5D6FA-DDF0-441C-9E0D-5F4989CABA1B}.Debug|Any CPU.Build.0 = Debug|Any CPU
		{BFE5D6FA-DDF0-441C-9E0D-5F4989CABA1B}.Release|Any CPU.ActiveCfg = Release|Any CPU
		{BFE5D6FA-DDF0-441C-9E0D-5F4989CABA1B}.Release|Any CPU.Build.0 = Release|Any CPU
	EndGlobalSection
	GlobalSection(SolutionProperties) = preSolution
		HideSolutionNode = FALSE
	EndGlobalSection
	GlobalSection(ExtensibilityGlobals) = postSolution
		SolutionGuid = {2F0C4395-8F1D-411A-8236-BCC16BE8D0AC}
	EndGlobalSection
EndGlobal
